
Microsoft Visual Studio Solution File, Format Version 12.00
# Visual Studio 15
VisualStudioVersion = 15.0.27130.2003
MinimumVisualStudioVersion = 10.0.40219.1
Project("{FAE04EC0-301F-11D3-BF4B-00C04F79EFBC}") = "WpfApp1", "WpfApp1\WpfApp1.csproj", "{344CDA4B-3D81-4D9C-9F98-A982908D97DE}"
EndProject
Project("{FAE04EC0-301F-11D3-BF4B-00C04F79EFBC}") = "taskitnowService", "taskitnowService\taskitnowService.csproj", "{209FA716-A7AD-4095-BD70-C8710FC66FA7}"
EndProject
Project("{FAE04EC0-301F-11D3-BF4B-00C04F79EFBC}") = "ATaskIt", "ATaskIt\ATaskIt\ATaskIt.csproj", "{CFA1C93D-8370-4119-B7B5-3633732915E9}"
EndProject
Global
	GlobalSection(SolutionConfigurationPlatforms) = preSolution
		Debug|Any CPU = Debug|Any CPU
		Release|Any CPU = Release|Any CPU
	EndGlobalSection
	GlobalSection(ProjectConfigurationPlatforms) = postSolution
		{344CDA4B-3D81-4D9C-9F98-A982908D97DE}.Debug|Any CPU.ActiveCfg = Debug|Any CPU
		{344CDA4B-3D81-4D9C-9F98-A982908D97DE}.Debug|Any CPU.Build.0 = Debug|Any CPU
		{344CDA4B-3D81-4D9C-9F98-A982908D97DE}.Release|Any CPU.ActiveCfg = Release|Any CPU
		{344CDA4B-3D81-4D9C-9F98-A982908D97DE}.Release|Any CPU.Build.0 = Release|Any CPU
		{209FA716-A7AD-4095-BD70-C8710FC66FA7}.Debug|Any CPU.ActiveCfg = Debug|Any CPU
		{209FA716-A7AD-4095-BD70-C8710FC66FA7}.Debug|Any CPU.Build.0 = Debug|Any CPU
		{209FA716-A7AD-4095-BD70-C8710FC66FA7}.Release|Any CPU.ActiveCfg = Release|Any CPU
		{209FA716-A7AD-4095-BD70-C8710FC66FA7}.Release|Any CPU.Build.0 = Release|Any CPU
		{CFA1C93D-8370-4119-B7B5-3633732915E9}.Debug|Any CPU.ActiveCfg = Debug|Any CPU
		{CFA1C93D-8370-4119-B7B5-3633732915E9}.Debug|Any CPU.Build.0 = Debug|Any CPU
		{CFA1C93D-8370-4119-B7B5-3633732915E9}.Debug|Any CPU.Deploy.0 = Debug|Any CPU
		{CFA1C93D-8370-4119-B7B5-3633732915E9}.Release|Any CPU.ActiveCfg = Release|Any CPU
		{CFA1C93D-8370-4119-B7B5-3633732915E9}.Release|Any CPU.Build.0 = Release|Any CPU
		{CFA1C93D-8370-4119-B7B5-3633732915E9}.Release|Any CPU.Deploy.0 = Release|Any CPU
	EndGlobalSection
	GlobalSection(SolutionProperties) = preSolution
		HideSolutionNode = FALSE
	EndGlobalSection
	GlobalSection(ExtensibilityGlobals) = postSolution
		SolutionGuid = {5CBB99FD-ADEB-450C-A1DF-D05FC2E127F0}
	EndGlobalSection
EndGlobal
